// !$*UTF8*$!
{
	archiveVersion = 1;
	classes = {
	};
	objectVersion = 48;
	objects = {

/* Begin PBXBuildFile section */
		80BFCF3B2048628B0089B17D /* AppDelegate.swift in Sources */ = {isa = PBXBuildFile; fileRef = 80BFCF3A2048628B0089B17D /* AppDelegate.swift */; };
		80BFCF3D2048628B0089B17D /* ViewController.swift in Sources */ = {isa = PBXBuildFile; fileRef = 80BFCF3C2048628B0089B17D /* ViewController.swift */; };
		80BFCF402048628B0089B17D /* Main.storyboard in Resources */ = {isa = PBXBuildFile; fileRef = 80BFCF3E2048628B0089B17D /* Main.storyboard */; };
		80BFCF432048628B0089B17D /* CoreDataSwift.xcdatamodeld in Sources */ = {isa = PBXBuildFile; fileRef = 80BFCF412048628B0089B17D /* CoreDataSwift.xcdatamodeld */; };
		80BFCF452048628B0089B17D /* Assets.xcassets in Resources */ = {isa = PBXBuildFile; fileRef = 80BFCF442048628B0089B17D /* Assets.xcassets */; };
		80BFCF482048628B0089B17D /* LaunchScreen.storyboard in Resources */ = {isa = PBXBuildFile; fileRef = 80BFCF462048628B0089B17D /* LaunchScreen.storyboard */; };
		80BFCF94204883820089B17D /* TableViewController.swift in Sources */ = {isa = PBXBuildFile; fileRef = 80BFCF93204883820089B17D /* TableViewController.swift */; };
		80BFCF962048D35D0089B17D /* SavingViewController.swift in Sources */ = {isa = PBXBuildFile; fileRef = 80BFCF952048D35D0089B17D /* SavingViewController.swift */; };
/* End PBXBuildFile section */

/* Begin PBXFileReference section */
		80BFCF372048628B0089B17D /* CoreDataSwift.app */ = {isa = PBXFileReference; explicitFileType = wrapper.application; includeInIndex = 0; path = CoreDataSwift.app; sourceTree = BUILT_PRODUCTS_DIR; };
		80BFCF3A2048628B0089B17D /* AppDelegate.swift */ = {isa = PBXFileReference; lastKnownFileType = sourcecode.swift; path = AppDelegate.swift; sourceTree = "<group>"; };
		80BFCF3C2048628B0089B17D /* ViewController.swift */ = {isa = PBXFileReference; lastKnownFileType = sourcecode.swift; path = ViewController.swift; sourceTree = "<group>"; };
		80BFCF3F2048628B0089B17D /* Base */ = {isa = PBXFileReference; lastKnownFileType = file.storyboard; name = Base; path = Base.lproj/Main.storyboard; sourceTree = "<group>"; };
		80BFCF422048628B0089B17D /* CoreDataSwift.xcdatamodel */ = {isa = PBXFileReference; lastKnownFileType = wrapper.xcdatamodel; path = CoreDataSwift.xcdatamodel; sourceTree = "<group>"; };
		80BFCF442048628B0089B17D /* Assets.xcassets */ = {isa = PBXFileReference; lastKnownFileType = folder.assetcatalog; path = Assets.xcassets; sourceTree = "<group>"; };
		80BFCF472048628B0089B17D /* Base */ = {isa = PBXFileReference; lastKnownFileType = file.storyboard; name = Base; path = Base.lproj/LaunchScreen.storyboard; sourceTree = "<group>"; };
		80BFCF492048628B0089B17D /* Info.plist */ = {isa = PBXFileReference; lastKnownFileType = text.plist.xml; path = Info.plist; sourceTree = "<group>"; };
		80BFCF93204883820089B17D /* TableViewController.swift */ = {isa = PBXFileReference; lastKnownFileType = sourcecode.swift; path = TableViewController.swift; sourceTree = "<group>"; };
		80BFCF952048D35D0089B17D /* SavingViewController.swift */ = {isa = PBXFileReference; lastKnownFileType = sourcecode.swift; path = SavingViewController.swift; sourceTree = "<group>"; };
/* End PBXFileReference section */

/* Begin PBXFrameworksBuildPhase section */
		80BFCF342048628B0089B17D /* Frameworks */ = {
			isa = PBXFrameworksBuildPhase;
			buildActionMask = 2147483647;
			files = (
			);
			runOnlyForDeploymentPostprocessing = 0;
		};
/* End PBXFrameworksBuildPhase section */

/* Begin PBXGroup section */
		80BFCF2E2048628B0089B17D = {
			isa = PBXGroup;
			children = (
				80BFCF392048628B0089B17D /* CoreDataSwift */,
				80BFCF382048628B0089B17D /* Products */,
			);
			sourceTree = "<group>";
		};
		80BFCF382048628B0089B17D /* Products */ = {
			isa = PBXGroup;
			children = (
				80BFCF372048628B0089B17D /* CoreDataSwift.app */,
			);
			name = Products;
			sourceTree = "<group>";
		};
		80BFCF392048628B0089B17D /* CoreDataSwift */ = {
			isa = PBXGroup;
			children = (
				80BFCF93204883820089B17D /* TableViewController.swift */,
				80BFCF3A2048628B0089B17D /* AppDelegate.swift */,
				80BFCF3C2048628B0089B17D /* ViewController.swift */,
				80BFCF952048D35D0089B17D /* SavingViewController.swift */,
				80BFCF3E2048628B0089B17D /* Main.storyboard */,
				80BFCF442048628B0089B17D /* Assets.xcassets */,
				80BFCF462048628B0089B17D /* LaunchScreen.storyboard */,
				80BFCF492048628B0089B17D /* Info.plist */,
				80BFCF412048628B0089B17D /* CoreDataSwift.xcdatamodeld */,
			);
			path = CoreDataSwift;
			sourceTree = "<group>";
		};
/* End PBXGroup section */

/* Begin PBXNativeTarget section */
		80BFCF362048628B0089B17D /* CoreDataSwift */ = {
			isa = PBXNativeTarget;
			buildConfigurationList = 80BFCF4C2048628B0089B17D /* Build configuration list for PBXNativeTarget "CoreDataSwift" */;
			buildPhases = (
				80BFCF332048628B0089B17D /* Sources */,
				80BFCF342048628B0089B17D /* Frameworks */,
				80BFCF352048628B0089B17D /* Resources */,
			);
			buildRules = (
			);
			dependencies = (
			);
			name = CoreDataSwift;
			productName = CoreDataSwift;
			productReference = 80BFCF372048628B0089B17D /* CoreDataSwift.app */;
			productType = "com.apple.product-type.application";
		};
/* End PBXNativeTarget section */

/* Begin PBXProject section */
		80BFCF2F2048628B0089B17D /* Project object */ = {
			isa = PBXProject;
			attributes = {
				LastSwiftUpdateCheck = 0920;
				LastUpgradeCheck = 0920;
				ORGANIZATIONNAME = "Alsu Shigapova";
				TargetAttributes = {
					80BFCF362048628B0089B17D = {
						CreatedOnToolsVersion = 9.2;
						ProvisioningStyle = Automatic;
					};
				};
			};
			buildConfigurationList = 80BFCF322048628B0089B17D /* Build configuration list for PBXProject "CoreDataSwift" */;
			compatibilityVersion = "Xcode 8.0";
			developmentRegion = en;
			hasScannedForEncodings = 0;
			knownRegions = (
				en,
				Base,
			);
			mainGroup = 80BFCF2E2048628B0089B17D;
			productRefGroup = 80BFCF382048628B0089B17D /* Products */;
			projectDirPath = "";
			projectRoot = "";
			targets = (
				80BFCF362048628B0089B17D /* CoreDataSwift */,
			);
		};
/* End PBXProject section */

/* Begin PBXResourcesBuildPhase section */
		80BFCF352048628B0089B17D /* Resources */ = {
			isa = PBXResourcesBuildPhase;
			buildActionMask = 2147483647;
			files = (
				80BFCF482048628B0089B17D /* LaunchScreen.storyboard in Resources */,
				80BFCF452048628B0089B17D /* Assets.xcassets in Resources */,
				80BFCF402048628B0089B17D /* Main.storyboard in Resources */,
			);
			runOnlyForDeploymentPostprocessing = 0;
		};
/* End PBXResourcesBuildPhase section */

/* Begin PBXSourcesBuildPhase section */
		80BFCF332048628B0089B17D /* Sources */ = {
			isa = PBXSourcesBuildPhase;
			buildActionMask = 2147483647;
			files = (
				80BFCF3D2048628B0089B17D /* ViewController.swift in Sources */,
				80BFCF3B2048628B0089B17D /* AppDelegate.swift in Sources */,
				80BFCF432048628B0089B17D /* CoreDataSwift.xcdatamodeld in Sources */,
				80BFCF962048D35D0089B17D /* SavingViewController.swift in Sources */,
				80BFCF94204883820089B17D /* TableViewController.swift in Sources */,
			);
			runOnlyForDeploymentPostprocessing = 0;
		};
/* End PBXSourcesBuildPhase section */

/* Begin PBXVariantGroup section */
		80BFCF3E2048628B0089B17D /* Main.storyboard */ = {
			isa = PBXVariantGroup;
			children = (
				80BFCF3F2048628B0089B17D /* Base */,
			);
			name = Main.storyboard;
			sourceTree = "<group>";
		};
		80BFCF462048628B0089B17D /* LaunchScreen.storyboard */ = {
			isa = PBXVariantGroup;
			children = (
				80BFCF472048628B0089B17D /* Base */,
			);
			name = LaunchScreen.storyboard;
			sourceTree = "<group>";
		};
/* End PBXVariantGroup section */

/* Begin XCBuildConfiguration section */
		80BFCF4A2048628B0089B17D /* Debug */ = {
			isa = XCBuildConfiguration;
			buildSettings = {
				ALWAYS_SEARCH_USER_PATHS = NO;
				CLANG_ANALYZER_NONNULL = YES;
				CLANG_ANALYZER_NUMBER_OBJECT_CONVERSION = YES_AGGRESSIVE;
				CLANG_CXX_LANGUAGE_STANDARD = "gnu++14";
				CLANG_CXX_LIBRARY = "libc++";
				CLANG_ENABLE_MODULES = YES;
				CLANG_ENABLE_OBJC_ARC = YES;
				CLANG_WARN_BLOCK_CAPTURE_AUTORELEASING = YES;
				CLANG_WARN_BOOL_CONVERSION = YES;
				CLANG_WARN_COMMA = YES;
				CLANG_WARN_CONSTANT_CONVERSION = YES;
				CLANG_WARN_DIRECT_OBJC_ISA_USAGE = YES_ERROR;
				CLANG_WARN_DOCUMENTATION_COMMENTS = YES;
				CLANG_WARN_EMPTY_BODY = YES;
				CLANG_WARN_ENUM_CONVERSION = YES;
				CLANG_WARN_INFINITE_RECURSION = YES;
				CLANG_WARN_INT_CONVERSION = YES;
				CLANG_WARN_NON_LITERAL_NULL_CONVERSION = YES;
				CLANG_WARN_OBJC_LITERAL_CONVERSION = YES;
				CLANG_WARN_OBJC_ROOT_CLASS = YES_ERROR;
				CLANG_WARN_RANGE_LOOP_ANALYSIS = YES;
				CLANG_WARN_STRICT_PROTOTYPES = YES;
				CLANG_WARN_SUSPICIOUS_MOVE = YES;
				CLANG_WARN_UNGUARDED_AVAILABILITY = YES_AGGRESSIVE;
				CLANG_WARN_UNREACHABLE_CODE = YES;
				CLANG_WARN__DUPLICATE_METHOD_MATCH = YES;
				CODE_SIGN_IDENTITY = "iPhone Developer";
				COPY_PHASE_STRIP = NO;
				DEBUG_INFORMATION_FORMAT = dwarf;
				ENABLE_STRICT_OBJC_MSGSEND = YES;
				ENABLE_TESTABILITY = YES;
				GCC_C_LANGUAGE_STANDARD = gnu11;
				GCC_DYNAMIC_NO_PIC = NO;
				GCC_NO_COMMON_BLOCKS = YES;
				GCC_OPTIMIZATION_LEVEL = 0;
				GCC_PREPROCESSOR_DEFINITIONS = (
					"DEBUG=1",
					"$(inherited)",
				);
				GCC_WARN_64_TO_32_BIT_CONVERSION = YES;
				GCC_WARN_ABOUT_RETURN_TYPE = YES_ERROR;
				GCC_WARN_UNDECLARED_SELECTOR = YES;
				GCC_WARN_UNINITIALIZED_AUTOS = YES_AGGRESSIVE;
				GCC_WARN_UNUSED_FUNCTION = YES;
				GCC_WARN_UNUSED_VARIABLE = YES;
				IPHONEOS_DEPLOYMENT_TARGET = 11.2;
				MTL_ENABLE_DEBUG_INFO = YES;
				ONLY_ACTIVE_ARCH = YES;
				SDKROOT = iphoneos;
				SWIFT_ACTIVE_COMPILATION_CONDITIONS = DEBUG;
				SWIFT_OPTIMIZATION_LEVEL = "-Onone";
			};
			name = Debug;
		};
		80BFCF4B2048628B0089B17D /* Release */ = {
			isa = XCBuildConfiguration;
			buildSettings = {
				ALWAYS_SEARCH_USER_PATHS = NO;
				CLANG_ANALYZER_NONNULL = YES;
				CLANG_ANALYZER_NUMBER_OBJECT_CONVERSION = YES_AGGRESSIVE;
				CLANG_CXX_LANGUAGE_STANDARD = "gnu++14";
				CLANG_CXX_LIBRARY = "libc++";
				CLANG_ENABLE_MODULES = YES;
				CLANG_ENABLE_OBJC_ARC = YES;
				CLANG_WARN_BLOCK_CAPTURE_AUTORELEASING = YES;
				CLANG_WARN_BOOL_CONVERSION = YES;
				CLANG_WARN_COMMA = YES;
				CLANG_WARN_CONSTANT_CONVERSION = YES;
				CLANG_WARN_DIRECT_OBJC_ISA_USAGE = YES_ERROR;
				CLANG_WARN_DOCUMENTATION_COMMENTS = YES;
				CLANG_WARN_EMPTY_BODY = YES;
				CLANG_WARN_ENUM_CONVERSION = YES;
				CLANG_WARN_INFINITE_RECURSION = YES;
				CLANG_WARN_INT_CONVERSION = YES;
				CLANG_WARN_NON_LITERAL_NULL_CONVERSION = YES;
				CLANG_WARN_OBJC_LITERAL_CONVERSION = YES;
				CLANG_WARN_OBJC_ROOT_CLASS = YES_ERROR;
				CLANG_WARN_RANGE_LOOP_ANALYSIS = YES;
				CLANG_WARN_STRICT_PROTOTYPES = YES;
				CLANG_WARN_SUSPICIOUS_MOVE = YES;
				CLANG_WARN_UNGUARDED_AVAILABILITY = YES_AGGRESSIVE;
				CLANG_WARN_UNREACHABLE_CODE = YES;
				CLANG_WARN__DUPLICATE_METHOD_MATCH = YES;
				CODE_SIGN_IDENTITY = "iPhone Developer";
				COPY_PHASE_STRIP = NO;
				DEBUG_INFORMATION_FORMAT = "dwarf-with-dsym";
				ENABLE_NS_ASSERTIONS = NO;
				ENABLE_STRICT_OBJC_MSGSEND = YES;
				GCC_C_LANGUAGE_STANDARD = gnu11;
				GCC_NO_COMMON_BLOCKS = YES;
				GCC_WARN_64_TO_32_BIT_CONVERSION = YES;
				GCC_WARN_ABOUT_RETURN_TYPE = YES_ERROR;
				GCC_WARN_UNDECLARED_SELECTOR = YES;
				GCC_WARN_UNINITIALIZED_AUTOS = YES_AGGRESSIVE;
				GCC_WARN_UNUSED_FUNCTION = YES;
				GCC_WARN_UNUSED_VARIABLE = YES;
				IPHONEOS_DEPLOYMENT_TARGET = 11.2;
				MTL_ENABLE_DEBUG_INFO = NO;
				SDKROOT = iphoneos;
				SWIFT_OPTIMIZATION_LEVEL = "-Owholemodule";
				VALIDATE_PRODUCT = YES;
			};
			name = Release;
		};
		80BFCF4D2048628B0089B17D /* Debug */ = {
			isa = XCBuildConfiguration;
			buildSettings = {
				ASSETCATALOG_COMPILER_APPICON_NAME = AppIcon;
				CODE_SIGN_STYLE = Automatic;
				DEVELOPMENT_TEAM = WW3EPX2D6J;
				INFOPLIST_FILE = CoreDataSwift/Info.plist;
				LD_RUNPATH_SEARCH_PATHS = "$(inherited) @executable_path/Frameworks";
				PRODUCT_BUNDLE_IDENTIFIER = itis.CoreDataSwift;
				PRODUCT_NAME = "$(TARGET_NAME)";
				SWIFT_VERSION = 4.0;
				TARGETED_DEVICE_FAMILY = "1,2";
			};
			name = Debug;
		};
		80BFCF4E2048628B0089B17D /* Release */ = {
			isa = XCBuildConfiguration;
			buildSettings = {
				ASSETCATALOG_COMPILER_APPICON_NAME = AppIcon;
				CODE_SIGN_STYLE = Automatic;
				DEVELOPMENT_TEAM = WW3EPX2D6J;
				INFOPLIST_FILE = CoreDataSwift/Info.plist;
				LD_RUNPATH_SEARCH_PATHS = "$(inherited) @executable_path/Frameworks";
				PRODUCT_BUNDLE_IDENTIFIER = itis.CoreDataSwift;
				PRODUCT_NAME = "$(TARGET_NAME)";
				SWIFT_VERSION = 4.0;
				TARGETED_DEVICE_FAMILY = "1,2";
			};
			name = Release;
		};
/* End XCBuildConfiguration section */

/* Begin XCConfigurationList section */
		80BFCF322048628B0089B17D /* Build configuration list for PBXProject "CoreDataSwift" */ = {
			isa = XCConfigurationList;
			buildConfigurations = (
				80BFCF4A2048628B0089B17D /* Debug */,
				80BFCF4B2048628B0089B17D /* Release */,
			);
			defaultConfigurationIsVisible = 0;
			defaultConfigurationName = Release;
		};
		80BFCF4C2048628B0089B17D /* Build configuration list for PBXNativeTarget "CoreDataSwift" */ = {
			isa = XCConfigurationList;
			buildConfigurations = (
				80BFCF4D2048628B0089B17D /* Debug */,
				80BFCF4E2048628B0089B17D /* Release */,
			);
			defaultConfigurationIsVisible = 0;
			defaultConfigurationName = Release;
		};
/* End XCConfigurationList section */

/* Begin XCVersionGroup section */
		80BFCF412048628B0089B17D /* CoreDataSwift.xcdatamodeld */ = {
			isa = XCVersionGroup;
			children = (
				80BFCF422048628B0089B17D /* CoreDataSwift.xcdatamodel */,
			);
			currentVersion = 80BFCF422048628B0089B17D /* CoreDataSwift.xcdatamodel */;
			path = CoreDataSwift.xcdatamodeld;
			sourceTree = "<group>";
			versionGroupType = wrapper.xcdatamodel;
		};
/* End XCVersionGroup section */
	};
	rootObject = 80BFCF2F2048628B0089B17D /* Project object */;
}
